
Microsoft Visual Studio Solution File, Format Version 12.00
# Visual Studio Version 17
VisualStudioVersion = 17.14.36401.2 d17.14
MinimumVisualStudioVersion = 10.0.40219.1
Project("{FAE04EC0-301F-11D3-BF4B-00C04F79EFBC}") = "OfficialLedger", "OfficialLedger\OfficialLedger.csproj", "{EC75E851-4B2E-418A-BEE1-0FBAB6A6D68B}"
EndProject
Global
	GlobalSection(SolutionConfigurationPlatforms) = preSolution
		Debug|Any CPU = Debug|Any CPU
		Release|Any CPU = Release|Any CPU
	EndGlobalSection
	GlobalSection(ProjectConfigurationPlatforms) = postSolution
		{EC75E851-4B2E-418A-BEE1-0FBAB6A6D68B}.Debug|Any CPU.ActiveCfg = Debug|Any CPU
		{EC75E851-4B2E-418A-BEE1-0FBAB6A6D68B}.Debug|Any CPU.Build.0 = Debug|Any CPU
		{EC75E851-4B2E-418A-BEE1-0FBAB6A6D68B}.Release|Any CPU.ActiveCfg = Release|Any CPU
		{EC75E851-4B2E-418A-BEE1-0FBAB6A6D68B}.Release|Any CPU.Build.0 = Release|Any CPU
	EndGlobalSection
	GlobalSection(SolutionProperties) = preSolution
		HideSolutionNode = FALSE
	EndGlobalSection
	GlobalSection(ExtensibilityGlobals) = postSolution
		SolutionGuid = {AC81D2B8-CC3E-4EA8-94A1-536CDB95DC90}
	EndGlobalSection
EndGlobal
